// !$*UTF8*$!
{
	archiveVersion = 1;
	classes = {
	};
	objectVersion = 46;
	objects = {

/* Begin PBXBuildFile section */
		370A7C811828AE3B007B87A9 /* Foundation.framework in Frameworks */ = {isa = PBXBuildFile; fileRef = 370A7C801828AE3B007B87A9 /* Foundation.framework */; };
		370A7C831828AE3B007B87A9 /* CoreGraphics.framework in Frameworks */ = {isa = PBXBuildFile; fileRef = 370A7C821828AE3B007B87A9 /* CoreGraphics.framework */; };
		370A7C851828AE3B007B87A9 /* UIKit.framework in Frameworks */ = {isa = PBXBuildFile; fileRef = 370A7C841828AE3B007B87A9 /* UIKit.framework */; };
		370A7C8B1828AE3B007B87A9 /* InfoPlist.strings in Resources */ = {isa = PBXBuildFile; fileRef = 370A7C891828AE3B007B87A9 /* InfoPlist.strings */; };
		370A7C8D1828AE3B007B87A9 /* main.m in Sources */ = {isa = PBXBuildFile; fileRef = 370A7C8C1828AE3B007B87A9 /* main.m */; };
		370A7C911828AE3B007B87A9 /* AppDelegate.m in Sources */ = {isa = PBXBuildFile; fileRef = 370A7C901828AE3B007B87A9 /* AppDelegate.m */; };
		370A7C941828AE3B007B87A9 /* Main.storyboard in Resources */ = {isa = PBXBuildFile; fileRef = 370A7C921828AE3B007B87A9 /* Main.storyboard */; };
		370A7C971828AE3B007B87A9 /* ViewController.m in Sources */ = {isa = PBXBuildFile; fileRef = 370A7C961828AE3B007B87A9 /* ViewController.m */; };
		370A7C991828AE3B007B87A9 /* Images.xcassets in Resources */ = {isa = PBXBuildFile; fileRef = 370A7C981828AE3B007B87A9 /* Images.xcassets */; };
		370A7CA01828AE3B007B87A9 /* XCTest.framework in Frameworks */ = {isa = PBXBuildFile; fileRef = 370A7C9F1828AE3B007B87A9 /* XCTest.framework */; };
		370A7CA11828AE3B007B87A9 /* Foundation.framework in Frameworks */ = {isa = PBXBuildFile; fileRef = 370A7C801828AE3B007B87A9 /* Foundation.framework */; };
		370A7CA21828AE3B007B87A9 /* UIKit.framework in Frameworks */ = {isa = PBXBuildFile; fileRef = 370A7C841828AE3B007B87A9 /* UIKit.framework */; };
		370A7CAA1828AE3B007B87A9 /* InfoPlist.strings in Resources */ = {isa = PBXBuildFile; fileRef = 370A7CA81828AE3B007B87A9 /* InfoPlist.strings */; };
		370A7CAC1828AE3B007B87A9 /* LocateAdTests.m in Sources */ = {isa = PBXBuildFile; fileRef = 370A7CAB1828AE3B007B87A9 /* LocateAdTests.m */; };
		370A7CB61828B184007B87A9 /* MapKit.framework in Frameworks */ = {isa = PBXBuildFile; fileRef = 370A7CB51828B184007B87A9 /* MapKit.framework */; };
		372386BC1828D8DA0004AEFC /* SettingsViewController.m in Sources */ = {isa = PBXBuildFile; fileRef = 372386BB1828D8DA0004AEFC /* SettingsViewController.m */; };
		3770F3CD182B584400D26A80 /* LocationAnnotation.m in Sources */ = {isa = PBXBuildFile; fileRef = 3770F3CC182B584400D26A80 /* LocationAnnotation.m */; };
/* End PBXBuildFile section */

/* Begin PBXContainerItemProxy section */
		370A7CA31828AE3B007B87A9 /* PBXContainerItemProxy */ = {
			isa = PBXContainerItemProxy;
			containerPortal = 370A7C751828AE3B007B87A9 /* Project object */;
			proxyType = 1;
			remoteGlobalIDString = 370A7C7C1828AE3B007B87A9;
			remoteInfo = LocateAd;
		};
/* End PBXContainerItemProxy section */

/* Begin PBXFileReference section */
		370A7C7D1828AE3B007B87A9 /* LocateAd.app */ = {isa = PBXFileReference; explicitFileType = wrapper.application; includeInIndex = 0; path = LocateAd.app; sourceTree = BUILT_PRODUCTS_DIR; };
		370A7C801828AE3B007B87A9 /* Foundation.framework */ = {isa = PBXFileReference; lastKnownFileType = wrapper.framework; name = Foundation.framework; path = System/Library/Frameworks/Foundation.framework; sourceTree = SDKROOT; };
		370A7C821828AE3B007B87A9 /* CoreGraphics.framework */ = {isa = PBXFileReference; lastKnownFileType = wrapper.framework; name = CoreGraphics.framework; path = System/Library/Frameworks/CoreGraphics.framework; sourceTree = SDKROOT; };
		370A7C841828AE3B007B87A9 /* UIKit.framework */ = {isa = PBXFileReference; lastKnownFileType = wrapper.framework; name = UIKit.framework; path = System/Library/Frameworks/UIKit.framework; sourceTree = SDKROOT; };
		370A7C881828AE3B007B87A9 /* LocateAd-Info.plist */ = {isa = PBXFileReference; lastKnownFileType = text.plist.xml; path = "LocateAd-Info.plist"; sourceTree = "<group>"; };
		370A7C8A1828AE3B007B87A9 /* en */ = {isa = PBXFileReference; lastKnownFileType = text.plist.strings; name = en; path = en.lproj/InfoPlist.strings; sourceTree = "<group>"; };
		370A7C8C1828AE3B007B87A9 /* main.m */ = {isa = PBXFileReference; lastKnownFileType = sourcecode.c.objc; path = main.m; sourceTree = "<group>"; };
		370A7C8E1828AE3B007B87A9 /* LocateAd-Prefix.pch */ = {isa = PBXFileReference; lastKnownFileType = sourcecode.c.h; path = "LocateAd-Prefix.pch"; sourceTree = "<group>"; };
		370A7C8F1828AE3B007B87A9 /* AppDelegate.h */ = {isa = PBXFileReference; lastKnownFileType = sourcecode.c.h; path = AppDelegate.h; sourceTree = "<group>"; };
		370A7C901828AE3B007B87A9 /* AppDelegate.m */ = {isa = PBXFileReference; lastKnownFileType = sourcecode.c.objc; path = AppDelegate.m; sourceTree = "<group>"; };
		370A7C931828AE3B007B87A9 /* Base */ = {isa = PBXFileReference; lastKnownFileType = file.storyboard; name = Base; path = Base.lproj/Main.storyboard; sourceTree = "<group>"; };
		370A7C951828AE3B007B87A9 /* ViewController.h */ = {isa = PBXFileReference; lastKnownFileType = sourcecode.c.h; path = ViewController.h; sourceTree = "<group>"; };
		370A7C961828AE3B007B87A9 /* ViewController.m */ = {isa = PBXFileReference; lastKnownFileType = sourcecode.c.objc; path = ViewController.m; sourceTree = "<group>"; };
		370A7C981828AE3B007B87A9 /* Images.xcassets */ = {isa = PBXFileReference; lastKnownFileType = folder.assetcatalog; path = Images.xcassets; sourceTree = "<group>"; };
		370A7C9E1828AE3B007B87A9 /* LocateAdTests.xctest */ = {isa = PBXFileReference; explicitFileType = wrapper.cfbundle; includeInIndex = 0; path = LocateAdTests.xctest; sourceTree = BUILT_PRODUCTS_DIR; };
		370A7C9F1828AE3B007B87A9 /* XCTest.framework */ = {isa = PBXFileReference; lastKnownFileType = wrapper.framework; name = XCTest.framework; path = Library/Frameworks/XCTest.framework; sourceTree = DEVELOPER_DIR; };
		370A7CA71828AE3B007B87A9 /* LocateAdTests-Info.plist */ = {isa = PBXFileReference; lastKnownFileType = text.plist.xml; path = "LocateAdTests-Info.plist"; sourceTree = "<group>"; };
		370A7CA91828AE3B007B87A9 /* en */ = {isa = PBXFileReference; lastKnownFileType = text.plist.strings; name = en; path = en.lproj/InfoPlist.strings; sourceTree = "<group>"; };
		370A7CAB1828AE3B007B87A9 /* LocateAdTests.m */ = {isa = PBXFileReference; lastKnownFileType = sourcecode.c.objc; path = LocateAdTests.m; sourceTree = "<group>"; };
		370A7CB51828B184007B87A9 /* MapKit.framework */ = {isa = PBXFileReference; lastKnownFileType = wrapper.framework; name = MapKit.framework; path = System/Library/Frameworks/MapKit.framework; sourceTree = SDKROOT; };
		372386BA1828D8DA0004AEFC /* SettingsViewController.h */ = {isa = PBXFileReference; fileEncoding = 4; lastKnownFileType = sourcecode.c.h; path = SettingsViewController.h; sourceTree = "<group>"; };
		372386BB1828D8DA0004AEFC /* SettingsViewController.m */ = {isa = PBXFileReference; fileEncoding = 4; lastKnownFileType = sourcecode.c.objc; path = SettingsViewController.m; sourceTree = "<group>"; };
		3770F3CB182B584400D26A80 /* LocationAnnotation.h */ = {isa = PBXFileReference; fileEncoding = 4; lastKnownFileType = sourcecode.c.h; path = LocationAnnotation.h; sourceTree = "<group>"; };
		3770F3CC182B584400D26A80 /* LocationAnnotation.m */ = {isa = PBXFileReference; fileEncoding = 4; lastKnownFileType = sourcecode.c.objc; path = LocationAnnotation.m; sourceTree = "<group>"; };
/* End PBXFileReference section */

/* Begin PBXFrameworksBuildPhase section */
		370A7C7A1828AE3B007B87A9 /* Frameworks */ = {
			isa = PBXFrameworksBuildPhase;
			buildActionMask = 2147483647;
			files = (
				370A7C831828AE3B007B87A9 /* CoreGraphics.framework in Frameworks */,
				370A7C851828AE3B007B87A9 /* UIKit.framework in Frameworks */,
				370A7CB61828B184007B87A9 /* MapKit.framework in Frameworks */,
				370A7C811828AE3B007B87A9 /* Foundation.framework in Frameworks */,
			);
			runOnlyForDeploymentPostprocessing = 0;
		};
		370A7C9B1828AE3B007B87A9 /* Frameworks */ = {
			isa = PBXFrameworksBuildPhase;
			buildActionMask = 2147483647;
			files = (
				370A7CA01828AE3B007B87A9 /* XCTest.framework in Frameworks */,
				370A7CA21828AE3B007B87A9 /* UIKit.framework in Frameworks */,
				370A7CA11828AE3B007B87A9 /* Foundation.framework in Frameworks */,
			);
			runOnlyForDeploymentPostprocessing = 0;
		};
/* End PBXFrameworksBuildPhase section */

/* Begin PBXGroup section */
		370A7C741828AE3B007B87A9 = {
			isa = PBXGroup;
			children = (
				370A7C861828AE3B007B87A9 /* LocateAd */,
				370A7CA51828AE3B007B87A9 /* LocateAdTests */,
				370A7C7F1828AE3B007B87A9 /* Frameworks */,
				370A7C7E1828AE3B007B87A9 /* Products */,
			);
			sourceTree = "<group>";
		};
		370A7C7E1828AE3B007B87A9 /* Products */ = {
			isa = PBXGroup;
			children = (
				370A7C7D1828AE3B007B87A9 /* LocateAd.app */,
				370A7C9E1828AE3B007B87A9 /* LocateAdTests.xctest */,
			);
			name = Products;
			sourceTree = "<group>";
		};
		370A7C7F1828AE3B007B87A9 /* Frameworks */ = {
			isa = PBXGroup;
			children = (
				370A7CB51828B184007B87A9 /* MapKit.framework */,
				370A7C801828AE3B007B87A9 /* Foundation.framework */,
				370A7C821828AE3B007B87A9 /* CoreGraphics.framework */,
				370A7C841828AE3B007B87A9 /* UIKit.framework */,
				370A7C9F1828AE3B007B87A9 /* XCTest.framework */,
			);
			name = Frameworks;
			sourceTree = "<group>";
		};
		370A7C861828AE3B007B87A9 /* LocateAd */ = {
			isa = PBXGroup;
			children = (
				370A7C8F1828AE3B007B87A9 /* AppDelegate.h */,
				370A7C901828AE3B007B87A9 /* AppDelegate.m */,
				370A7C921828AE3B007B87A9 /* Main.storyboard */,
				370A7C951828AE3B007B87A9 /* ViewController.h */,
				370A7C961828AE3B007B87A9 /* ViewController.m */,
				370A7C981828AE3B007B87A9 /* Images.xcassets */,
				370A7C871828AE3B007B87A9 /* Supporting Files */,
				372386BA1828D8DA0004AEFC /* SettingsViewController.h */,
				372386BB1828D8DA0004AEFC /* SettingsViewController.m */,
				3770F3CB182B584400D26A80 /* LocationAnnotation.h */,
				3770F3CC182B584400D26A80 /* LocationAnnotation.m */,
			);
			path = LocateAd;
			sourceTree = "<group>";
		};
		370A7C871828AE3B007B87A9 /* Supporting Files */ = {
			isa = PBXGroup;
			children = (
				370A7C881828AE3B007B87A9 /* LocateAd-Info.plist */,
				370A7C891828AE3B007B87A9 /* InfoPlist.strings */,
				370A7C8C1828AE3B007B87A9 /* main.m */,
				370A7C8E1828AE3B007B87A9 /* LocateAd-Prefix.pch */,
			);
			name = "Supporting Files";
			sourceTree = "<group>";
		};
		370A7CA51828AE3B007B87A9 /* LocateAdTests */ = {
			isa = PBXGroup;
			children = (
				370A7CAB1828AE3B007B87A9 /* LocateAdTests.m */,
				370A7CA61828AE3B007B87A9 /* Supporting Files */,
			);
			path = LocateAdTests;
			sourceTree = "<group>";
		};
		370A7CA61828AE3B007B87A9 /* Supporting Files */ = {
			isa = PBXGroup;
			children = (
				370A7CA71828AE3B007B87A9 /* LocateAdTests-Info.plist */,
				370A7CA81828AE3B007B87A9 /* InfoPlist.strings */,
			);
			name = "Supporting Files";
			sourceTree = "<group>";
		};
/* End PBXGroup section */

/* Begin PBXNativeTarget section */
		370A7C7C1828AE3B007B87A9 /* LocateAd */ = {
			isa = PBXNativeTarget;
			buildConfigurationList = 370A7CAF1828AE3B007B87A9 /* Build configuration list for PBXNativeTarget "LocateAd" */;
			buildPhases = (
				370A7C791828AE3B007B87A9 /* Sources */,
				370A7C7A1828AE3B007B87A9 /* Frameworks */,
				370A7C7B1828AE3B007B87A9 /* Resources */,
			);
			buildRules = (
			);
			dependencies = (
			);
			name = LocateAd;
			productName = LocateAd;
			productReference = 370A7C7D1828AE3B007B87A9 /* LocateAd.app */;
			productType = "com.apple.product-type.application";
		};
		370A7C9D1828AE3B007B87A9 /* LocateAdTests */ = {
			isa = PBXNativeTarget;
			buildConfigurationList = 370A7CB21828AE3B007B87A9 /* Build configuration list for PBXNativeTarget "LocateAdTests" */;
			buildPhases = (
				370A7C9A1828AE3B007B87A9 /* Sources */,
				370A7C9B1828AE3B007B87A9 /* Frameworks */,
				370A7C9C1828AE3B007B87A9 /* Resources */,
			);
			buildRules = (
			);
			dependencies = (
				370A7CA41828AE3B007B87A9 /* PBXTargetDependency */,
			);
			name = LocateAdTests;
			productName = LocateAdTests;
			productReference = 370A7C9E1828AE3B007B87A9 /* LocateAdTests.xctest */;
			productType = "com.apple.product-type.bundle.unit-test";
		};
/* End PBXNativeTarget section */

/* Begin PBXProject section */
		370A7C751828AE3B007B87A9 /* Project object */ = {
			isa = PBXProject;
			attributes = {
				LastUpgradeCheck = 0510;
				ORGANIZATIONNAME = "Olarn U.";
				TargetAttributes = {
					370A7C7C1828AE3B007B87A9 = {
						SystemCapabilities = {
							com.apple.BackgroundModes = {
								enabled = 1;
							};
							com.apple.iOS = {
								enabled = 1;
							};
						};
					};
					370A7C9D1828AE3B007B87A9 = {
						TestTargetID = 370A7C7C1828AE3B007B87A9;
					};
				};
			};
			buildConfigurationList = 370A7C781828AE3B007B87A9 /* Build configuration list for PBXProject "LocateAd" */;
			compatibilityVersion = "Xcode 3.2";
			developmentRegion = English;
			hasScannedForEncodings = 0;
			knownRegions = (
				en,
				Base,
			);
			mainGroup = 370A7C741828AE3B007B87A9;
			productRefGroup = 370A7C7E1828AE3B007B87A9 /* Products */;
			projectDirPath = "";
			projectRoot = "";
			targets = (
				370A7C7C1828AE3B007B87A9 /* LocateAd */,
				370A7C9D1828AE3B007B87A9 /* LocateAdTests */,
			);
		};
/* End PBXProject section */

/* Begin PBXResourcesBuildPhase section */
		370A7C7B1828AE3B007B87A9 /* Resources */ = {
			isa = PBXResourcesBuildPhase;
			buildActionMask = 2147483647;
			files = (
				370A7C991828AE3B007B87A9 /* Images.xcassets in Resources */,
				370A7C8B1828AE3B007B87A9 /* InfoPlist.strings in Resources */,
				370A7C941828AE3B007B87A9 /* Main.storyboard in Resources */,
			);
			runOnlyForDeploymentPostprocessing = 0;
		};
		370A7C9C1828AE3B007B87A9 /* Resources */ = {
			isa = PBXResourcesBuildPhase;
			buildActionMask = 2147483647;
			files = (
				370A7CAA1828AE3B007B87A9 /* InfoPlist.strings in Resources */,
			);
			runOnlyForDeploymentPostprocessing = 0;
		};
/* End PBXResourcesBuildPhase section */

/* Begin PBXSourcesBuildPhase section */
		370A7C791828AE3B007B87A9 /* Sources */ = {
			isa = PBXSourcesBuildPhase;
			buildActionMask = 2147483647;
			files = (
				3770F3CD182B584400D26A80 /* LocationAnnotation.m in Sources */,
				370A7C971828AE3B007B87A9 /* ViewController.m in Sources */,
				370A7C911828AE3B007B87A9 /* AppDelegate.m in Sources */,
				370A7C8D1828AE3B007B87A9 /* main.m in Sources */,
				372386BC1828D8DA0004AEFC /* SettingsViewController.m in Sources */,
			);
			runOnlyForDeploymentPostprocessing = 0;
		};
		370A7C9A1828AE3B007B87A9 /* Sources */ = {
			isa = PBXSourcesBuildPhase;
			buildActionMask = 2147483647;
			files = (
				370A7CAC1828AE3B007B87A9 /* LocateAdTests.m in Sources */,
			);
			runOnlyForDeploymentPostprocessing = 0;
		};
/* End PBXSourcesBuildPhase section */

/* Begin PBXTargetDependency section */
		370A7CA41828AE3B007B87A9 /* PBXTargetDependency */ = {
			isa = PBXTargetDependency;
			target = 370A7C7C1828AE3B007B87A9 /* LocateAd */;
			targetProxy = 370A7CA31828AE3B007B87A9 /* PBXContainerItemProxy */;
		};
/* End PBXTargetDependency section */

/* Begin PBXVariantGroup section */
		370A7C891828AE3B007B87A9 /* InfoPlist.strings */ = {
			isa = PBXVariantGroup;
			children = (
				370A7C8A1828AE3B007B87A9 /* en */,
			);
			name = InfoPlist.strings;
			sourceTree = "<group>";
		};
		370A7C921828AE3B007B87A9 /* Main.storyboard */ = {
			isa = PBXVariantGroup;
			children = (
				370A7C931828AE3B007B87A9 /* Base */,
			);
			name = Main.storyboard;
			sourceTree = "<group>";
		};
		370A7CA81828AE3B007B87A9 /* InfoPlist.strings */ = {
			isa = PBXVariantGroup;
			children = (
				370A7CA91828AE3B007B87A9 /* en */,
			);
			name = InfoPlist.strings;
			sourceTree = "<group>";
		};
/* End PBXVariantGroup section */

/* Begin XCBuildConfiguration section */
		370A7CAD1828AE3B007B87A9 /* Debug */ = {
			isa = XCBuildConfiguration;
			buildSettings = {
				ALWAYS_SEARCH_USER_PATHS = NO;
				CLANG_CXX_LANGUAGE_STANDARD = "gnu++0x";
				CLANG_CXX_LIBRARY = "libc++";
				CLANG_ENABLE_MODULES = YES;
				CLANG_ENABLE_OBJC_ARC = YES;
				CLANG_WARN_BOOL_CONVERSION = YES;
				CLANG_WARN_CONSTANT_CONVERSION = YES;
				CLANG_WARN_DIRECT_OBJC_ISA_USAGE = YES_ERROR;
				CLANG_WARN_EMPTY_BODY = YES;
				CLANG_WARN_ENUM_CONVERSION = YES;
				CLANG_WARN_INT_CONVERSION = YES;
				CLANG_WARN_OBJC_ROOT_CLASS = YES_ERROR;
				CLANG_WARN__DUPLICATE_METHOD_MATCH = YES;
				"CODE_SIGN_IDENTITY[sdk=iphoneos*]" = "iPhone Developer";
				COPY_PHASE_STRIP = NO;
				GCC_C_LANGUAGE_STANDARD = gnu99;
				GCC_DYNAMIC_NO_PIC = NO;
				GCC_OPTIMIZATION_LEVEL = 0;
				GCC_PREPROCESSOR_DEFINITIONS = (
					"DEBUG=1",
					"$(inherited)",
				);
				GCC_SYMBOLS_PRIVATE_EXTERN = NO;
				GCC_WARN_64_TO_32_BIT_CONVERSION = YES;
				GCC_WARN_ABOUT_RETURN_TYPE = YES_ERROR;
				GCC_WARN_UNDECLARED_SELECTOR = YES;
				GCC_WARN_UNINITIALIZED_AUTOS = YES;
				GCC_WARN_UNUSED_FUNCTION = YES;
				GCC_WARN_UNUSED_VARIABLE = YES;
				IPHONEOS_DEPLOYMENT_TARGET = 7.0;
				ONLY_ACTIVE_ARCH = YES;
				SDKROOT = iphoneos;
			};
			name = Debug;
		};
		370A7CAE1828AE3B007B87A9 /* Release */ = {
			isa = XCBuildConfiguration;
			buildSettings = {
				ALWAYS_SEARCH_USER_PATHS = NO;
				CLANG_CXX_LANGUAGE_STANDARD = "gnu++0x";
				CLANG_CXX_LIBRARY = "libc++";
				CLANG_ENABLE_MODULES = YES;
				CLANG_ENABLE_OBJC_ARC = YES;
				CLANG_WARN_BOOL_CONVERSION = YES;
				CLANG_WARN_CONSTANT_CONVERSION = YES;
				CLANG_WARN_DIRECT_OBJC_ISA_USAGE = YES_ERROR;
				CLANG_WARN_EMPTY_BODY = YES;
				CLANG_WARN_ENUM_CONVERSION = YES;
				CLANG_WARN_INT_CONVERSION = YES;
				CLANG_WARN_OBJC_ROOT_CLASS = YES_ERROR;
				CLANG_WARN__DUPLICATE_METHOD_MATCH = YES;
				"CODE_SIGN_IDENTITY[sdk=iphoneos*]" = "iPhone Developer";
				COPY_PHASE_STRIP = YES;
				ENABLE_NS_ASSERTIONS = NO;
				GCC_C_LANGUAGE_STANDARD = gnu99;
				GCC_WARN_64_TO_32_BIT_CONVERSION = YES;
				GCC_WARN_ABOUT_RETURN_TYPE = YES_ERROR;
				GCC_WARN_UNDECLARED_SELECTOR = YES;
				GCC_WARN_UNINITIALIZED_AUTOS = YES;
				GCC_WARN_UNUSED_FUNCTION = YES;
				GCC_WARN_UNUSED_VARIABLE = YES;
				IPHONEOS_DEPLOYMENT_TARGET = 7.0;
				SDKROOT = iphoneos;
				VALIDATE_PRODUCT = YES;
			};
			name = Release;
		};
		370A7CB01828AE3B007B87A9 /* Debug */ = {
			isa = XCBuildConfiguration;
			buildSettings = {
				ASSETCATALOG_COMPILER_APPICON_NAME = AppIcon;
				ASSETCATALOG_COMPILER_LAUNCHIMAGE_NAME = LaunchImage;
				GCC_PRECOMPILE_PREFIX_HEADER = YES;
				GCC_PREFIX_HEADER = "LocateAd/LocateAd-Prefix.pch";
				INFOPLIST_FILE = "LocateAd/LocateAd-Info.plist";
				PRODUCT_NAME = "$(TARGET_NAME)";
				WRAPPER_EXTENSION = app;
			};
			name = Debug;
		};
		370A7CB11828AE3B007B87A9 /* Release */ = {
			isa = XCBuildConfiguration;
			buildSettings = {
				ASSETCATALOG_COMPILER_APPICON_NAME = AppIcon;
				ASSETCATALOG_COMPILER_LAUNCHIMAGE_NAME = LaunchImage;
				GCC_PRECOMPILE_PREFIX_HEADER = YES;
				GCC_PREFIX_HEADER = "LocateAd/LocateAd-Prefix.pch";
				INFOPLIST_FILE = "LocateAd/LocateAd-Info.plist";
				PRODUCT_NAME = "$(TARGET_NAME)";
				WRAPPER_EXTENSION = app;
			};
			name = Release;
		};
		370A7CB31828AE3B007B87A9 /* Debug */ = {
			isa = XCBuildConfiguration;
			buildSettings = {
				BUNDLE_LOADER = "$(BUILT_PRODUCTS_DIR)/LocateAd.app/LocateAd";
				FRAMEWORK_SEARCH_PATHS = (
					"$(SDKROOT)/Developer/Library/Frameworks",
					"$(inherited)",
					"$(DEVELOPER_FRAMEWORKS_DIR)",
				);
				GCC_PRECOMPILE_PREFIX_HEADER = YES;
				GCC_PREFIX_HEADER = "LocateAd/LocateAd-Prefix.pch";
				GCC_PREPROCESSOR_DEFINITIONS = (
					"DEBUG=1",
					"$(inherited)",
				);
				INFOPLIST_FILE = "LocateAdTests/LocateAdTests-Info.plist";
				PRODUCT_NAME = "$(TARGET_NAME)";
				TEST_HOST = "$(BUNDLE_LOADER)";
				WRAPPER_EXTENSION = xctest;
			};
			name = Debug;
		};
		370A7CB41828AE3B007B87A9 /* Release */ = {
			isa = XCBuildConfiguration;
			buildSettings = {
				BUNDLE_LOADER = "$(BUILT_PRODUCTS_DIR)/LocateAd.app/LocateAd";
				FRAMEWORK_SEARCH_PATHS = (
					"$(SDKROOT)/Developer/Library/Frameworks",
					"$(inherited)",
					"$(DEVELOPER_FRAMEWORKS_DIR)",
				);
				GCC_PRECOMPILE_PREFIX_HEADER = YES;
				GCC_PREFIX_HEADER = "LocateAd/LocateAd-Prefix.pch";
				INFOPLIST_FILE = "LocateAdTests/LocateAdTests-Info.plist";
				PRODUCT_NAME = "$(TARGET_NAME)";
				TEST_HOST = "$(BUNDLE_LOADER)";
				WRAPPER_EXTENSION = xctest;
			};
			name = Release;
		};
/* End XCBuildConfiguration section */

/* Begin XCConfigurationList section */
		370A7C781828AE3B007B87A9 /* Build configuration list for PBXProject "LocateAd" */ = {
			isa = XCConfigurationList;
			buildConfigurations = (
				370A7CAD1828AE3B007B87A9 /* Debug */,
				370A7CAE1828AE3B007B87A9 /* Release */,
			);
			defaultConfigurationIsVisible = 0;
			defaultConfigurationName = Release;
		};
		370A7CAF1828AE3B007B87A9 /* Build configuration list for PBXNativeTarget "LocateAd" */ = {
			isa = XCConfigurationList;
			buildConfigurations = (
				370A7CB01828AE3B007B87A9 /* Debug */,
				370A7CB11828AE3B007B87A9 /* Release */,
			);
			defaultConfigurationIsVisible = 0;
			defaultConfigurationName = Release;
		};
		370A7CB21828AE3B007B87A9 /* Build configuration list for PBXNativeTarget "LocateAdTests" */ = {
			isa = XCConfigurationList;
			buildConfigurations = (
				370A7CB31828AE3B007B87A9 /* Debug */,
				370A7CB41828AE3B007B87A9 /* Release */,
			);
			defaultConfigurationIsVisible = 0;
			defaultConfigurationName = Release;
		};
/* End XCConfigurationList section */
	};
	rootObject = 370A7C751828AE3B007B87A9 /* Project object */;
}
